
Microsoft Visual Studio Solution File, Format Version 12.00
# Visual Studio Version 17
VisualStudioVersion = 17.7.34221.43
MinimumVisualStudioVersion = 10.0.40219.1
Project("{FAE04EC0-301F-11D3-BF4B-00C04F79EFBC}") = "LangVault.Admin", "LangVault.Admin\LangVault.Admin.csproj", "{3B4FA8C6-4C05-493D-A76D-638353DE1E99}"
EndProject
Global
	GlobalSection(SolutionConfigurationPlatforms) = preSolution
		Debug|Any CPU = Debug|Any CPU
		Release|Any CPU = Release|Any CPU
	EndGlobalSection
	GlobalSection(ProjectConfigurationPlatforms) = postSolution
		{3B4FA8C6-4C05-493D-A76D-638353DE1E99}.Debug|Any CPU.ActiveCfg = Debug|Any CPU
		{3B4FA8C6-4C05-493D-A76D-638353DE1E99}.Debug|Any CPU.Build.0 = Debug|Any CPU
		{3B4FA8C6-4C05-493D-A76D-638353DE1E99}.Release|Any CPU.ActiveCfg = Release|Any CPU
		{3B4FA8C6-4C05-493D-A76D-638353DE1E99}.Release|Any CPU.Build.0 = Release|Any CPU
	EndGlobalSection
	GlobalSection(SolutionProperties) = preSolution
		HideSolutionNode = FALSE
	EndGlobalSection
	GlobalSection(ExtensibilityGlobals) = postSolution
		SolutionGuid = {AAFF96FB-7634-4141-9D51-916C5ECDB84E}
	EndGlobalSection
EndGlobal
