
Microsoft Visual Studio Solution File, Format Version 12.00
# Visual Studio Version 17
VisualStudioVersion = 17.7.34221.43
MinimumVisualStudioVersion = 10.0.40219.1
Project("{9A19103F-16F7-4668-BE54-9A1E7A4F7556}") = "LangVault.Admin", "LangVault.Admin\LangVault.Admin.csproj", "{3B4FA8C6-4C05-493D-A76D-638353DE1E99}"
EndProject
Project("{9A19103F-16F7-4668-BE54-9A1E7A4F7556}") = "Domain", "Domain\Domain.csproj", "{592E6350-7339-48D8-857E-EDACD2D0BCA5}"
EndProject
Project("{9A19103F-16F7-4668-BE54-9A1E7A4F7556}") = "Application", "Application\Application.csproj", "{0C01CA8D-B784-407D-85BA-649EC53333A0}"
EndProject
Project("{9A19103F-16F7-4668-BE54-9A1E7A4F7556}") = "Infrastructure", "Infrastructure\Infrastructure.csproj", "{7C99F19F-1E68-4944-A1E5-3DFBD72E6A09}"
EndProject
Project("{9A19103F-16F7-4668-BE54-9A1E7A4F7556}") = "UnitTests", "UnitTests\UnitTests.csproj", "{23A82DCF-0941-41FE-80B3-7F1551AABA5E}"
EndProject
Global
	GlobalSection(SolutionConfigurationPlatforms) = preSolution
		Debug|Any CPU = Debug|Any CPU
		Release|Any CPU = Release|Any CPU
	EndGlobalSection
	GlobalSection(ProjectConfigurationPlatforms) = postSolution
		{3B4FA8C6-4C05-493D-A76D-638353DE1E99}.Debug|Any CPU.ActiveCfg = Debug|Any CPU
		{3B4FA8C6-4C05-493D-A76D-638353DE1E99}.Debug|Any CPU.Build.0 = Debug|Any CPU
		{3B4FA8C6-4C05-493D-A76D-638353DE1E99}.Release|Any CPU.ActiveCfg = Release|Any CPU
		{3B4FA8C6-4C05-493D-A76D-638353DE1E99}.Release|Any CPU.Build.0 = Release|Any CPU
		{592E6350-7339-48D8-857E-EDACD2D0BCA5}.Debug|Any CPU.ActiveCfg = Debug|Any CPU
		{592E6350-7339-48D8-857E-EDACD2D0BCA5}.Debug|Any CPU.Build.0 = Debug|Any CPU
		{592E6350-7339-48D8-857E-EDACD2D0BCA5}.Release|Any CPU.ActiveCfg = Release|Any CPU
		{592E6350-7339-48D8-857E-EDACD2D0BCA5}.Release|Any CPU.Build.0 = Release|Any CPU
		{0C01CA8D-B784-407D-85BA-649EC53333A0}.Debug|Any CPU.ActiveCfg = Debug|Any CPU
		{0C01CA8D-B784-407D-85BA-649EC53333A0}.Debug|Any CPU.Build.0 = Debug|Any CPU
		{0C01CA8D-B784-407D-85BA-649EC53333A0}.Release|Any CPU.ActiveCfg = Release|Any CPU
		{0C01CA8D-B784-407D-85BA-649EC53333A0}.Release|Any CPU.Build.0 = Release|Any CPU
		{7C99F19F-1E68-4944-A1E5-3DFBD72E6A09}.Debug|Any CPU.ActiveCfg = Debug|Any CPU
		{7C99F19F-1E68-4944-A1E5-3DFBD72E6A09}.Debug|Any CPU.Build.0 = Debug|Any CPU
		{7C99F19F-1E68-4944-A1E5-3DFBD72E6A09}.Release|Any CPU.ActiveCfg = Release|Any CPU
		{7C99F19F-1E68-4944-A1E5-3DFBD72E6A09}.Release|Any CPU.Build.0 = Release|Any CPU
		{23A82DCF-0941-41FE-80B3-7F1551AABA5E}.Debug|Any CPU.ActiveCfg = Debug|Any CPU
		{23A82DCF-0941-41FE-80B3-7F1551AABA5E}.Debug|Any CPU.Build.0 = Debug|Any CPU
		{23A82DCF-0941-41FE-80B3-7F1551AABA5E}.Release|Any CPU.ActiveCfg = Release|Any CPU
		{23A82DCF-0941-41FE-80B3-7F1551AABA5E}.Release|Any CPU.Build.0 = Release|Any CPU
	EndGlobalSection
	GlobalSection(SolutionProperties) = preSolution
		HideSolutionNode = FALSE
	EndGlobalSection
	GlobalSection(ExtensibilityGlobals) = postSolution
		SolutionGuid = {AAFF96FB-7634-4141-9D51-916C5ECDB84E}
	EndGlobalSection
EndGlobal
